
Microsoft Visual Studio Solution File, Format Version 12.00
# Visual Studio Version 17
VisualStudioVersion = 17.7.34003.232
MinimumVisualStudioVersion = 10.0.40219.1
Project("{8BC9CEB8-8B4A-11D0-8D11-00A0C91BC942}") = "CoordinatesCheck", "CoordinatesCheck\CoordinatesCheck.vcxproj", "{EB6FDE8E-30DB-484A-8D2C-7C11DEDCACF4}"
EndProject
Global
	GlobalSection(SolutionConfigurationPlatforms) = preSolution
		Debug|x64 = Debug|x64
		Debug|x86 = Debug|x86
		Release|x64 = Release|x64
		Release|x86 = Release|x86
	EndGlobalSection
	GlobalSection(ProjectConfigurationPlatforms) = postSolution
		{EB6FDE8E-30DB-484A-8D2C-7C11DEDCACF4}.Debug|x64.ActiveCfg = Debug|x64
		{EB6FDE8E-30DB-484A-8D2C-7C11DEDCACF4}.Debug|x64.Build.0 = Debug|x64
		{EB6FDE8E-30DB-484A-8D2C-7C11DEDCACF4}.Debug|x86.ActiveCfg = Debug|Win32
		{EB6FDE8E-30DB-484A-8D2C-7C11DEDCACF4}.Debug|x86.Build.0 = Debug|Win32
		{EB6FDE8E-30DB-484A-8D2C-7C11DEDCACF4}.Release|x64.ActiveCfg = Release|x64
		{EB6FDE8E-30DB-484A-8D2C-7C11DEDCACF4}.Release|x64.Build.0 = Release|x64
		{EB6FDE8E-30DB-484A-8D2C-7C11DEDCACF4}.Release|x86.ActiveCfg = Release|Win32
		{EB6FDE8E-30DB-484A-8D2C-7C11DEDCACF4}.Release|x86.Build.0 = Release|Win32
	EndGlobalSection
	GlobalSection(SolutionProperties) = preSolution
		HideSolutionNode = FALSE
	EndGlobalSection
	GlobalSection(ExtensibilityGlobals) = postSolution
		SolutionGuid = {824DA36F-02E1-4D2A-BDF6-D98FFDA01D02}
	EndGlobalSection
EndGlobal
